
Microsoft Visual Studio Solution File, Format Version 12.00
# Visual Studio Version 17
VisualStudioVersion = 17.8.34309.116
MinimumVisualStudioVersion = 10.0.40219.1
Project("{FAE04EC0-301F-11D3-BF4B-00C04F79EFBC}") = "Walks.API", "Walks.API\Walks.API.csproj", "{BB22CDDB-CF5A-47C5-9ABD-845BF58C3341}"
EndProject
Global
	GlobalSection(SolutionConfigurationPlatforms) = preSolution
		Debug|Any CPU = Debug|Any CPU
		Release|Any CPU = Release|Any CPU
	EndGlobalSection
	GlobalSection(ProjectConfigurationPlatforms) = postSolution
		{BB22CDDB-CF5A-47C5-9ABD-845BF58C3341}.Debug|Any CPU.ActiveCfg = Debug|Any CPU
		{BB22CDDB-CF5A-47C5-9ABD-845BF58C3341}.Debug|Any CPU.Build.0 = Debug|Any CPU
		{BB22CDDB-CF5A-47C5-9ABD-845BF58C3341}.Release|Any CPU.ActiveCfg = Release|Any CPU
		{BB22CDDB-CF5A-47C5-9ABD-845BF58C3341}.Release|Any CPU.Build.0 = Release|Any CPU
	EndGlobalSection
	GlobalSection(SolutionProperties) = preSolution
		HideSolutionNode = FALSE
	EndGlobalSection
	GlobalSection(ExtensibilityGlobals) = postSolution
		SolutionGuid = {F7CD5839-1373-4428-B92D-A0F57C1C72F8}
	EndGlobalSection
EndGlobal
